// !$*UTF8*$!
{
	archiveVersion = 1;
	classes = {
	};
	objectVersion = 46;
	objects = {

/* Begin PBXBuildFile section */
		36C89E2A1AC46AD1003E70FB /* main.m in Sources */ = {isa = PBXBuildFile; fileRef = 36C89E291AC46AD1003E70FB /* main.m */; };
		36C89E2D1AC46AD1003E70FB /* AppDelegate.m in Sources */ = {isa = PBXBuildFile; fileRef = 36C89E2C1AC46AD1003E70FB /* AppDelegate.m */; };
		36C89E301AC46AD1003E70FB /* ViewController.m in Sources */ = {isa = PBXBuildFile; fileRef = 36C89E2F1AC46AD1003E70FB /* ViewController.m */; };
		36C89E331AC46AD1003E70FB /* Main.storyboard in Resources */ = {isa = PBXBuildFile; fileRef = 36C89E311AC46AD1003E70FB /* Main.storyboard */; };
		36C89E351AC46AD1003E70FB /* Images.xcassets in Resources */ = {isa = PBXBuildFile; fileRef = 36C89E341AC46AD1003E70FB /* Images.xcassets */; };
		36C89E381AC46AD1003E70FB /* LaunchScreen.xib in Resources */ = {isa = PBXBuildFile; fileRef = 36C89E361AC46AD1003E70FB /* LaunchScreen.xib */; };
		36C89E441AC46AD1003E70FB /* MatchismoTests.m in Sources */ = {isa = PBXBuildFile; fileRef = 36C89E431AC46AD1003E70FB /* MatchismoTests.m */; };
/* End PBXBuildFile section */

/* Begin PBXContainerItemProxy section */
		36C89E3E1AC46AD1003E70FB /* PBXContainerItemProxy */ = {
			isa = PBXContainerItemProxy;
			containerPortal = 36C89E1C1AC46AD1003E70FB /* Project object */;
			proxyType = 1;
			remoteGlobalIDString = 36C89E231AC46AD1003E70FB;
			remoteInfo = Matchismo;
		};
/* End PBXContainerItemProxy section */

/* Begin PBXFileReference section */
		36C89E241AC46AD1003E70FB /* Matchismo.app */ = {isa = PBXFileReference; explicitFileType = wrapper.application; includeInIndex = 0; path = Matchismo.app; sourceTree = BUILT_PRODUCTS_DIR; };
		36C89E281AC46AD1003E70FB /* Info.plist */ = {isa = PBXFileReference; lastKnownFileType = text.plist.xml; path = Info.plist; sourceTree = "<group>"; };
		36C89E291AC46AD1003E70FB /* main.m */ = {isa = PBXFileReference; lastKnownFileType = sourcecode.c.objc; path = main.m; sourceTree = "<group>"; };
		36C89E2B1AC46AD1003E70FB /* AppDelegate.h */ = {isa = PBXFileReference; lastKnownFileType = sourcecode.c.h; path = AppDelegate.h; sourceTree = "<group>"; };
		36C89E2C1AC46AD1003E70FB /* AppDelegate.m */ = {isa = PBXFileReference; lastKnownFileType = sourcecode.c.objc; path = AppDelegate.m; sourceTree = "<group>"; };
		36C89E2E1AC46AD1003E70FB /* ViewController.h */ = {isa = PBXFileReference; lastKnownFileType = sourcecode.c.h; path = ViewController.h; sourceTree = "<group>"; };
		36C89E2F1AC46AD1003E70FB /* ViewController.m */ = {isa = PBXFileReference; lastKnownFileType = sourcecode.c.objc; path = ViewController.m; sourceTree = "<group>"; };
		36C89E321AC46AD1003E70FB /* Base */ = {isa = PBXFileReference; lastKnownFileType = file.storyboard; name = Base; path = Base.lproj/Main.storyboard; sourceTree = "<group>"; };
		36C89E341AC46AD1003E70FB /* Images.xcassets */ = {isa = PBXFileReference; lastKnownFileType = folder.assetcatalog; path = Images.xcassets; sourceTree = "<group>"; };
		36C89E371AC46AD1003E70FB /* Base */ = {isa = PBXFileReference; lastKnownFileType = file.xib; name = Base; path = Base.lproj/LaunchScreen.xib; sourceTree = "<group>"; };
		36C89E3D1AC46AD1003E70FB /* MatchismoTests.xctest */ = {isa = PBXFileReference; explicitFileType = wrapper.cfbundle; includeInIndex = 0; path = MatchismoTests.xctest; sourceTree = BUILT_PRODUCTS_DIR; };
		36C89E421AC46AD1003E70FB /* Info.plist */ = {isa = PBXFileReference; lastKnownFileType = text.plist.xml; path = Info.plist; sourceTree = "<group>"; };
		36C89E431AC46AD1003E70FB /* MatchismoTests.m */ = {isa = PBXFileReference; lastKnownFileType = sourcecode.c.objc; path = MatchismoTests.m; sourceTree = "<group>"; };
/* End PBXFileReference section */

/* Begin PBXFrameworksBuildPhase section */
		36C89E211AC46AD1003E70FB /* Frameworks */ = {
			isa = PBXFrameworksBuildPhase;
			buildActionMask = 2147483647;
			files = (
			);
			runOnlyForDeploymentPostprocessing = 0;
		};
		36C89E3A1AC46AD1003E70FB /* Frameworks */ = {
			isa = PBXFrameworksBuildPhase;
			buildActionMask = 2147483647;
			files = (
			);
			runOnlyForDeploymentPostprocessing = 0;
		};
/* End PBXFrameworksBuildPhase section */

/* Begin PBXGroup section */
		36C89E1B1AC46AD1003E70FB = {
			isa = PBXGroup;
			children = (
				36C89E261AC46AD1003E70FB /* Matchismo */,
				36C89E401AC46AD1003E70FB /* MatchismoTests */,
				36C89E251AC46AD1003E70FB /* Products */,
			);
			sourceTree = "<group>";
		};
		36C89E251AC46AD1003E70FB /* Products */ = {
			isa = PBXGroup;
			children = (
				36C89E241AC46AD1003E70FB /* Matchismo.app */,
				36C89E3D1AC46AD1003E70FB /* MatchismoTests.xctest */,
			);
			name = Products;
			sourceTree = "<group>";
		};
		36C89E261AC46AD1003E70FB /* Matchismo */ = {
			isa = PBXGroup;
			children = (
				36C89E2E1AC46AD1003E70FB /* ViewController.h */,
				36C89E2F1AC46AD1003E70FB /* ViewController.m */,
				36C89E311AC46AD1003E70FB /* Main.storyboard */,
				36C89E341AC46AD1003E70FB /* Images.xcassets */,
				36C89E361AC46AD1003E70FB /* LaunchScreen.xib */,
				36C89E271AC46AD1003E70FB /* Supporting Files */,
			);
			path = Matchismo;
			sourceTree = "<group>";
		};
		36C89E271AC46AD1003E70FB /* Supporting Files */ = {
			isa = PBXGroup;
			children = (
				36C89E2B1AC46AD1003E70FB /* AppDelegate.h */,
				36C89E2C1AC46AD1003E70FB /* AppDelegate.m */,
				36C89E281AC46AD1003E70FB /* Info.plist */,
				36C89E291AC46AD1003E70FB /* main.m */,
			);
			name = "Supporting Files";
			sourceTree = "<group>";
		};
		36C89E401AC46AD1003E70FB /* MatchismoTests */ = {
			isa = PBXGroup;
			children = (
				36C89E431AC46AD1003E70FB /* MatchismoTests.m */,
				36C89E411AC46AD1003E70FB /* Supporting Files */,
			);
			path = MatchismoTests;
			sourceTree = "<group>";
		};
		36C89E411AC46AD1003E70FB /* Supporting Files */ = {
			isa = PBXGroup;
			children = (
				36C89E421AC46AD1003E70FB /* Info.plist */,
			);
			name = "Supporting Files";
			sourceTree = "<group>";
		};
/* End PBXGroup section */

/* Begin PBXNativeTarget section */
		36C89E231AC46AD1003E70FB /* Matchismo */ = {
			isa = PBXNativeTarget;
			buildConfigurationList = 36C89E471AC46AD1003E70FB /* Build configuration list for PBXNativeTarget "Matchismo" */;
			buildPhases = (
				36C89E201AC46AD1003E70FB /* Sources */,
				36C89E211AC46AD1003E70FB /* Frameworks */,
				36C89E221AC46AD1003E70FB /* Resources */,
			);
			buildRules = (
			);
			dependencies = (
			);
			name = Matchismo;
			productName = Matchismo;
			productReference = 36C89E241AC46AD1003E70FB /* Matchismo.app */;
			productType = "com.apple.product-type.application";
		};
		36C89E3C1AC46AD1003E70FB /* MatchismoTests */ = {
			isa = PBXNativeTarget;
			buildConfigurationList = 36C89E4A1AC46AD1003E70FB /* Build configuration list for PBXNativeTarget "MatchismoTests" */;
			buildPhases = (
				36C89E391AC46AD1003E70FB /* Sources */,
				36C89E3A1AC46AD1003E70FB /* Frameworks */,
				36C89E3B1AC46AD1003E70FB /* Resources */,
			);
			buildRules = (
			);
			dependencies = (
				36C89E3F1AC46AD1003E70FB /* PBXTargetDependency */,
			);
			name = MatchismoTests;
			productName = MatchismoTests;
			productReference = 36C89E3D1AC46AD1003E70FB /* MatchismoTests.xctest */;
			productType = "com.apple.product-type.bundle.unit-test";
		};
/* End PBXNativeTarget section */

/* Begin PBXProject section */
		36C89E1C1AC46AD1003E70FB /* Project object */ = {
			isa = PBXProject;
			attributes = {
				LastUpgradeCheck = 0620;
				ORGANIZATIONNAME = "Lowell Bander";
				TargetAttributes = {
					36C89E231AC46AD1003E70FB = {
						CreatedOnToolsVersion = 6.2;
					};
					36C89E3C1AC46AD1003E70FB = {
						CreatedOnToolsVersion = 6.2;
						TestTargetID = 36C89E231AC46AD1003E70FB;
					};
				};
			};
			buildConfigurationList = 36C89E1F1AC46AD1003E70FB /* Build configuration list for PBXProject "Matchismo" */;
			compatibilityVersion = "Xcode 3.2";
			developmentRegion = English;
			hasScannedForEncodings = 0;
			knownRegions = (
				en,
				Base,
			);
			mainGroup = 36C89E1B1AC46AD1003E70FB;
			productRefGroup = 36C89E251AC46AD1003E70FB /* Products */;
			projectDirPath = "";
			projectRoot = "";
			targets = (
				36C89E231AC46AD1003E70FB /* Matchismo */,
				36C89E3C1AC46AD1003E70FB /* MatchismoTests */,
			);
		};
/* End PBXProject section */

/* Begin PBXResourcesBuildPhase section */
		36C89E221AC46AD1003E70FB /* Resources */ = {
			isa = PBXResourcesBuildPhase;
			buildActionMask = 2147483647;
			files = (
				36C89E331AC46AD1003E70FB /* Main.storyboard in Resources */,
				36C89E381AC46AD1003E70FB /* LaunchScreen.xib in Resources */,
				36C89E351AC46AD1003E70FB /* Images.xcassets in Resources */,
			);
			runOnlyForDeploymentPostprocessing = 0;
		};
		36C89E3B1AC46AD1003E70FB /* Resources */ = {
			isa = PBXResourcesBuildPhase;
			buildActionMask = 2147483647;
			files = (
			);
			runOnlyForDeploymentPostprocessing = 0;
		};
/* End PBXResourcesBuildPhase section */

/* Begin PBXSourcesBuildPhase section */
		36C89E201AC46AD1003E70FB /* Sources */ = {
			isa = PBXSourcesBuildPhase;
			buildActionMask = 2147483647;
			files = (
				36C89E301AC46AD1003E70FB /* ViewController.m in Sources */,
				36C89E2D1AC46AD1003E70FB /* AppDelegate.m in Sources */,
				36C89E2A1AC46AD1003E70FB /* main.m in Sources */,
			);
			runOnlyForDeploymentPostprocessing = 0;
		};
		36C89E391AC46AD1003E70FB /* Sources */ = {
			isa = PBXSourcesBuildPhase;
			buildActionMask = 2147483647;
			files = (
				36C89E441AC46AD1003E70FB /* MatchismoTests.m in Sources */,
			);
			runOnlyForDeploymentPostprocessing = 0;
		};
/* End PBXSourcesBuildPhase section */

/* Begin PBXTargetDependency section */
		36C89E3F1AC46AD1003E70FB /* PBXTargetDependency */ = {
			isa = PBXTargetDependency;
			target = 36C89E231AC46AD1003E70FB /* Matchismo */;
			targetProxy = 36C89E3E1AC46AD1003E70FB /* PBXContainerItemProxy */;
		};
/* End PBXTargetDependency section */

/* Begin PBXVariantGroup section */
		36C89E311AC46AD1003E70FB /* Main.storyboard */ = {
			isa = PBXVariantGroup;
			children = (
				36C89E321AC46AD1003E70FB /* Base */,
			);
			name = Main.storyboard;
			sourceTree = "<group>";
		};
		36C89E361AC46AD1003E70FB /* LaunchScreen.xib */ = {
			isa = PBXVariantGroup;
			children = (
				36C89E371AC46AD1003E70FB /* Base */,
			);
			name = LaunchScreen.xib;
			sourceTree = "<group>";
		};
/* End PBXVariantGroup section */

/* Begin XCBuildConfiguration section */
		36C89E451AC46AD1003E70FB /* Debug */ = {
			isa = XCBuildConfiguration;
			buildSettings = {
				ALWAYS_SEARCH_USER_PATHS = NO;
				CLANG_CXX_LANGUAGE_STANDARD = "gnu++0x";
				CLANG_CXX_LIBRARY = "libc++";
				CLANG_ENABLE_MODULES = YES;
				CLANG_ENABLE_OBJC_ARC = YES;
				CLANG_WARN_BOOL_CONVERSION = YES;
				CLANG_WARN_CONSTANT_CONVERSION = YES;
				CLANG_WARN_DIRECT_OBJC_ISA_USAGE = YES_ERROR;
				CLANG_WARN_EMPTY_BODY = YES;
				CLANG_WARN_ENUM_CONVERSION = YES;
				CLANG_WARN_INT_CONVERSION = YES;
				CLANG_WARN_OBJC_ROOT_CLASS = YES_ERROR;
				CLANG_WARN_UNREACHABLE_CODE = YES;
				CLANG_WARN__DUPLICATE_METHOD_MATCH = YES;
				"CODE_SIGN_IDENTITY[sdk=iphoneos*]" = "iPhone Developer";
				COPY_PHASE_STRIP = NO;
				ENABLE_STRICT_OBJC_MSGSEND = YES;
				GCC_C_LANGUAGE_STANDARD = gnu99;
				GCC_DYNAMIC_NO_PIC = NO;
				GCC_OPTIMIZATION_LEVEL = 0;
				GCC_PREPROCESSOR_DEFINITIONS = (
					"DEBUG=1",
					"$(inherited)",
				);
				GCC_SYMBOLS_PRIVATE_EXTERN = NO;
				GCC_WARN_64_TO_32_BIT_CONVERSION = YES;
				GCC_WARN_ABOUT_RETURN_TYPE = YES_ERROR;
				GCC_WARN_UNDECLARED_SELECTOR = YES;
				GCC_WARN_UNINITIALIZED_AUTOS = YES_AGGRESSIVE;
				GCC_WARN_UNUSED_FUNCTION = YES;
				GCC_WARN_UNUSED_VARIABLE = YES;
				IPHONEOS_DEPLOYMENT_TARGET = 8.2;
				MTL_ENABLE_DEBUG_INFO = YES;
				ONLY_ACTIVE_ARCH = YES;
				SDKROOT = iphoneos;
			};
			name = Debug;
		};
		36C89E461AC46AD1003E70FB /* Release */ = {
			isa = XCBuildConfiguration;
			buildSettings = {
				ALWAYS_SEARCH_USER_PATHS = NO;
				CLANG_CXX_LANGUAGE_STANDARD = "gnu++0x";
				CLANG_CXX_LIBRARY = "libc++";
				CLANG_ENABLE_MODULES = YES;
				CLANG_ENABLE_OBJC_ARC = YES;
				CLANG_WARN_BOOL_CONVERSION = YES;
				CLANG_WARN_CONSTANT_CONVERSION = YES;
				CLANG_WARN_DIRECT_OBJC_ISA_USAGE = YES_ERROR;
				CLANG_WARN_EMPTY_BODY = YES;
				CLANG_WARN_ENUM_CONVERSION = YES;
				CLANG_WARN_INT_CONVERSION = YES;
				CLANG_WARN_OBJC_ROOT_CLASS = YES_ERROR;
				CLANG_WARN_UNREACHABLE_CODE = YES;
				CLANG_WARN__DUPLICATE_METHOD_MATCH = YES;
				"CODE_SIGN_IDENTITY[sdk=iphoneos*]" = "iPhone Developer";
				COPY_PHASE_STRIP = NO;
				ENABLE_NS_ASSERTIONS = NO;
				ENABLE_STRICT_OBJC_MSGSEND = YES;
				GCC_C_LANGUAGE_STANDARD = gnu99;
				GCC_WARN_64_TO_32_BIT_CONVERSION = YES;
				GCC_WARN_ABOUT_RETURN_TYPE = YES_ERROR;
				GCC_WARN_UNDECLARED_SELECTOR = YES;
				GCC_WARN_UNINITIALIZED_AUTOS = YES_AGGRESSIVE;
				GCC_WARN_UNUSED_FUNCTION = YES;
				GCC_WARN_UNUSED_VARIABLE = YES;
				IPHONEOS_DEPLOYMENT_TARGET = 8.2;
				MTL_ENABLE_DEBUG_INFO = NO;
				SDKROOT = iphoneos;
				VALIDATE_PRODUCT = YES;
			};
			name = Release;
		};
		36C89E481AC46AD1003E70FB /* Debug */ = {
			isa = XCBuildConfiguration;
			buildSettings = {
				ASSETCATALOG_COMPILER_APPICON_NAME = AppIcon;
				INFOPLIST_FILE = Matchismo/Info.plist;
				LD_RUNPATH_SEARCH_PATHS = "$(inherited) @executable_path/Frameworks";
				PRODUCT_NAME = "$(TARGET_NAME)";
			};
			name = Debug;
		};
		36C89E491AC46AD1003E70FB /* Release */ = {
			isa = XCBuildConfiguration;
			buildSettings = {
				ASSETCATALOG_COMPILER_APPICON_NAME = AppIcon;
				INFOPLIST_FILE = Matchismo/Info.plist;
				LD_RUNPATH_SEARCH_PATHS = "$(inherited) @executable_path/Frameworks";
				PRODUCT_NAME = "$(TARGET_NAME)";
			};
			name = Release;
		};
		36C89E4B1AC46AD1003E70FB /* Debug */ = {
			isa = XCBuildConfiguration;
			buildSettings = {
				BUNDLE_LOADER = "$(TEST_HOST)";
				FRAMEWORK_SEARCH_PATHS = (
					"$(SDKROOT)/Developer/Library/Frameworks",
					"$(inherited)",
				);
				GCC_PREPROCESSOR_DEFINITIONS = (
					"DEBUG=1",
					"$(inherited)",
				);
				INFOPLIST_FILE = MatchismoTests/Info.plist;
				LD_RUNPATH_SEARCH_PATHS = "$(inherited) @executable_path/Frameworks @loader_path/Frameworks";
				PRODUCT_NAME = "$(TARGET_NAME)";
				TEST_HOST = "$(BUILT_PRODUCTS_DIR)/Matchismo.app/Matchismo";
			};
			name = Debug;
		};
		36C89E4C1AC46AD1003E70FB /* Release */ = {
			isa = XCBuildConfiguration;
			buildSettings = {
				BUNDLE_LOADER = "$(TEST_HOST)";
				FRAMEWORK_SEARCH_PATHS = (
					"$(SDKROOT)/Developer/Library/Frameworks",
					"$(inherited)",
				);
				INFOPLIST_FILE = MatchismoTests/Info.plist;
				LD_RUNPATH_SEARCH_PATHS = "$(inherited) @executable_path/Frameworks @loader_path/Frameworks";
				PRODUCT_NAME = "$(TARGET_NAME)";
				TEST_HOST = "$(BUILT_PRODUCTS_DIR)/Matchismo.app/Matchismo";
			};
			name = Release;
		};
/* End XCBuildConfiguration section */

/* Begin XCConfigurationList section */
		36C89E1F1AC46AD1003E70FB /* Build configuration list for PBXProject "Matchismo" */ = {
			isa = XCConfigurationList;
			buildConfigurations = (
				36C89E451AC46AD1003E70FB /* Debug */,
				36C89E461AC46AD1003E70FB /* Release */,
			);
			defaultConfigurationIsVisible = 0;
			defaultConfigurationName = Release;
		};
		36C89E471AC46AD1003E70FB /* Build configuration list for PBXNativeTarget "Matchismo" */ = {
			isa = XCConfigurationList;
			buildConfigurations = (
				36C89E481AC46AD1003E70FB /* Debug */,
				36C89E491AC46AD1003E70FB /* Release */,
			);
			defaultConfigurationIsVisible = 0;
			defaultConfigurationName = Release;
		};
		36C89E4A1AC46AD1003E70FB /* Build configuration list for PBXNativeTarget "MatchismoTests" */ = {
			isa = XCConfigurationList;
			buildConfigurations = (
				36C89E4B1AC46AD1003E70FB /* Debug */,
				36C89E4C1AC46AD1003E70FB /* Release */,
			);
			defaultConfigurationIsVisible = 0;
			defaultConfigurationName = Release;
		};
/* End XCConfigurationList section */
	};
	rootObject = 36C89E1C1AC46AD1003E70FB /* Project object */;
}
